
Microsoft Visual Studio Solution File, Format Version 12.00
# Visual Studio 14
VisualStudioVersion = 14.0.25123.0
MinimumVisualStudioVersion = 10.0.40219.1
Project("{FAE04EC0-301F-11D3-BF4B-00C04F79EFBC}") = "Pr_TongHop_QLKH", "..\Pr_TongHop_QLKH\Pr_TongHop_QLKH\Pr_TongHop_QLKH.csproj", "{349D4A6C-EA47-427A-A766-442CC0C35CFF}"
EndProject
Project("{54435603-DBB4-11D2-8724-00A0C9A8B90C}") = "QuanLyKhachHangSetup", "QuanLyKhachHangSetup\QuanLyKhachHangSetup.vdproj", "{44C349BC-A035-4E88-90E4-C8CBC99819A1}"
EndProject
Global
	GlobalSection(SolutionConfigurationPlatforms) = preSolution
		Debug|Any CPU = Debug|Any CPU
		Release|Any CPU = Release|Any CPU
	EndGlobalSection
	GlobalSection(ProjectConfigurationPlatforms) = postSolution
		{349D4A6C-EA47-427A-A766-442CC0C35CFF}.Debug|Any CPU.ActiveCfg = Debug|Any CPU
		{349D4A6C-EA47-427A-A766-442CC0C35CFF}.Debug|Any CPU.Build.0 = Debug|Any CPU
		{349D4A6C-EA47-427A-A766-442CC0C35CFF}.Release|Any CPU.ActiveCfg = Release|Any CPU
		{349D4A6C-EA47-427A-A766-442CC0C35CFF}.Release|Any CPU.Build.0 = Release|Any CPU
		{44C349BC-A035-4E88-90E4-C8CBC99819A1}.Debug|Any CPU.ActiveCfg = Debug
		{44C349BC-A035-4E88-90E4-C8CBC99819A1}.Release|Any CPU.ActiveCfg = Release
	EndGlobalSection
	GlobalSection(SolutionProperties) = preSolution
		HideSolutionNode = FALSE
	EndGlobalSection
EndGlobal
